
Microsoft Visual Studio Solution File, Format Version 12.00
# Visual Studio Version 16
VisualStudioVersion = 16.0.30114.105
MinimumVisualStudioVersion = 10.0.40219.1
Project("{2150E333-8FDC-42A3-9474-1A3956D46DE8}") = "src", "src", "{90E58931-C752-4A76-A518-4776A4694844}"
EndProject
Project("{F2A71F9B-5D33-465A-A702-920D77279786}") = "Ch2.TM", "src\Ch2.TM\Ch2.TM.fsproj", "{F99F1FF7-0227-408E-98B0-47E317F2A799}"
EndProject
Project("{F2A71F9B-5D33-465A-A702-920D77279786}") = "Ch3.String", "src\Ch3.String\Ch3.String.fsproj", "{D6B1A735-A2F5-4713-B23C-CE1FBEEA65C4}"
EndProject
Project("{F2A71F9B-5D33-465A-A702-920D77279786}") = "Ch4.Lex", "src\Ch4.Lex\Ch4.Lex.fsproj", "{AF6D7793-7C08-4E24-9C63-5CDBA612B216}"
EndProject
Project("{F2A71F9B-5D33-465A-A702-920D77279786}") = "Ch5.Parse", "src\Ch5.Parse\Ch5.Parse.fsproj", "{16D2C714-FB98-4372-BE8E-FD9CE91F8893}"
EndProject
Global
	GlobalSection(SolutionConfigurationPlatforms) = preSolution
		Debug|Any CPU = Debug|Any CPU
		Debug|x64 = Debug|x64
		Debug|x86 = Debug|x86
		Release|Any CPU = Release|Any CPU
		Release|x64 = Release|x64
		Release|x86 = Release|x86
	EndGlobalSection
	GlobalSection(SolutionProperties) = preSolution
		HideSolutionNode = FALSE
	EndGlobalSection
	GlobalSection(ProjectConfigurationPlatforms) = postSolution
		{F99F1FF7-0227-408E-98B0-47E317F2A799}.Debug|Any CPU.ActiveCfg = Debug|Any CPU
		{F99F1FF7-0227-408E-98B0-47E317F2A799}.Debug|Any CPU.Build.0 = Debug|Any CPU
		{F99F1FF7-0227-408E-98B0-47E317F2A799}.Debug|x64.ActiveCfg = Debug|Any CPU
		{F99F1FF7-0227-408E-98B0-47E317F2A799}.Debug|x64.Build.0 = Debug|Any CPU
		{F99F1FF7-0227-408E-98B0-47E317F2A799}.Debug|x86.ActiveCfg = Debug|Any CPU
		{F99F1FF7-0227-408E-98B0-47E317F2A799}.Debug|x86.Build.0 = Debug|Any CPU
		{F99F1FF7-0227-408E-98B0-47E317F2A799}.Release|Any CPU.ActiveCfg = Release|Any CPU
		{F99F1FF7-0227-408E-98B0-47E317F2A799}.Release|Any CPU.Build.0 = Release|Any CPU
		{F99F1FF7-0227-408E-98B0-47E317F2A799}.Release|x64.ActiveCfg = Release|Any CPU
		{F99F1FF7-0227-408E-98B0-47E317F2A799}.Release|x64.Build.0 = Release|Any CPU
		{F99F1FF7-0227-408E-98B0-47E317F2A799}.Release|x86.ActiveCfg = Release|Any CPU
		{F99F1FF7-0227-408E-98B0-47E317F2A799}.Release|x86.Build.0 = Release|Any CPU
		{D6B1A735-A2F5-4713-B23C-CE1FBEEA65C4}.Debug|Any CPU.ActiveCfg = Debug|Any CPU
		{D6B1A735-A2F5-4713-B23C-CE1FBEEA65C4}.Debug|Any CPU.Build.0 = Debug|Any CPU
		{D6B1A735-A2F5-4713-B23C-CE1FBEEA65C4}.Debug|x64.ActiveCfg = Debug|Any CPU
		{D6B1A735-A2F5-4713-B23C-CE1FBEEA65C4}.Debug|x64.Build.0 = Debug|Any CPU
		{D6B1A735-A2F5-4713-B23C-CE1FBEEA65C4}.Debug|x86.ActiveCfg = Debug|Any CPU
		{D6B1A735-A2F5-4713-B23C-CE1FBEEA65C4}.Debug|x86.Build.0 = Debug|Any CPU
		{D6B1A735-A2F5-4713-B23C-CE1FBEEA65C4}.Release|Any CPU.ActiveCfg = Release|Any CPU
		{D6B1A735-A2F5-4713-B23C-CE1FBEEA65C4}.Release|Any CPU.Build.0 = Release|Any CPU
		{D6B1A735-A2F5-4713-B23C-CE1FBEEA65C4}.Release|x64.ActiveCfg = Release|Any CPU
		{D6B1A735-A2F5-4713-B23C-CE1FBEEA65C4}.Release|x64.Build.0 = Release|Any CPU
		{D6B1A735-A2F5-4713-B23C-CE1FBEEA65C4}.Release|x86.ActiveCfg = Release|Any CPU
		{D6B1A735-A2F5-4713-B23C-CE1FBEEA65C4}.Release|x86.Build.0 = Release|Any CPU
		{AF6D7793-7C08-4E24-9C63-5CDBA612B216}.Debug|Any CPU.ActiveCfg = Debug|Any CPU
		{AF6D7793-7C08-4E24-9C63-5CDBA612B216}.Debug|Any CPU.Build.0 = Debug|Any CPU
		{AF6D7793-7C08-4E24-9C63-5CDBA612B216}.Debug|x64.ActiveCfg = Debug|Any CPU
		{AF6D7793-7C08-4E24-9C63-5CDBA612B216}.Debug|x64.Build.0 = Debug|Any CPU
		{AF6D7793-7C08-4E24-9C63-5CDBA612B216}.Debug|x86.ActiveCfg = Debug|Any CPU
		{AF6D7793-7C08-4E24-9C63-5CDBA612B216}.Debug|x86.Build.0 = Debug|Any CPU
		{AF6D7793-7C08-4E24-9C63-5CDBA612B216}.Release|Any CPU.ActiveCfg = Release|Any CPU
		{AF6D7793-7C08-4E24-9C63-5CDBA612B216}.Release|Any CPU.Build.0 = Release|Any CPU
		{AF6D7793-7C08-4E24-9C63-5CDBA612B216}.Release|x64.ActiveCfg = Release|Any CPU
		{AF6D7793-7C08-4E24-9C63-5CDBA612B216}.Release|x64.Build.0 = Release|Any CPU
		{AF6D7793-7C08-4E24-9C63-5CDBA612B216}.Release|x86.ActiveCfg = Release|Any CPU
		{AF6D7793-7C08-4E24-9C63-5CDBA612B216}.Release|x86.Build.0 = Release|Any CPU
		{16D2C714-FB98-4372-BE8E-FD9CE91F8893}.Debug|Any CPU.ActiveCfg = Debug|Any CPU
		{16D2C714-FB98-4372-BE8E-FD9CE91F8893}.Debug|Any CPU.Build.0 = Debug|Any CPU
		{16D2C714-FB98-4372-BE8E-FD9CE91F8893}.Debug|x64.ActiveCfg = Debug|Any CPU
		{16D2C714-FB98-4372-BE8E-FD9CE91F8893}.Debug|x64.Build.0 = Debug|Any CPU
		{16D2C714-FB98-4372-BE8E-FD9CE91F8893}.Debug|x86.ActiveCfg = Debug|Any CPU
		{16D2C714-FB98-4372-BE8E-FD9CE91F8893}.Debug|x86.Build.0 = Debug|Any CPU
		{16D2C714-FB98-4372-BE8E-FD9CE91F8893}.Release|Any CPU.ActiveCfg = Release|Any CPU
		{16D2C714-FB98-4372-BE8E-FD9CE91F8893}.Release|Any CPU.Build.0 = Release|Any CPU
		{16D2C714-FB98-4372-BE8E-FD9CE91F8893}.Release|x64.ActiveCfg = Release|Any CPU
		{16D2C714-FB98-4372-BE8E-FD9CE91F8893}.Release|x64.Build.0 = Release|Any CPU
		{16D2C714-FB98-4372-BE8E-FD9CE91F8893}.Release|x86.ActiveCfg = Release|Any CPU
		{16D2C714-FB98-4372-BE8E-FD9CE91F8893}.Release|x86.Build.0 = Release|Any CPU
	EndGlobalSection
	GlobalSection(NestedProjects) = preSolution
		{F99F1FF7-0227-408E-98B0-47E317F2A799} = {90E58931-C752-4A76-A518-4776A4694844}
		{D6B1A735-A2F5-4713-B23C-CE1FBEEA65C4} = {90E58931-C752-4A76-A518-4776A4694844}
		{AF6D7793-7C08-4E24-9C63-5CDBA612B216} = {90E58931-C752-4A76-A518-4776A4694844}
		{16D2C714-FB98-4372-BE8E-FD9CE91F8893} = {90E58931-C752-4A76-A518-4776A4694844}
	EndGlobalSection
EndGlobal
